// !$*UTF8*$!
{
	archiveVersion = 1;
	classes = {
	};
	objectVersion = 48;
	objects = {

/* Begin PBXBuildFile section */
		8E664BE71FBFED9B000B44CC /* AppDelegate.swift in Sources */ = {isa = PBXBuildFile; fileRef = 8E664BE61FBFED9B000B44CC /* AppDelegate.swift */; };
		8E664BE91FBFED9B000B44CC /* MasterViewController.swift in Sources */ = {isa = PBXBuildFile; fileRef = 8E664BE81FBFED9B000B44CC /* MasterViewController.swift */; };
		8E664BEB1FBFED9C000B44CC /* DetailViewController.swift in Sources */ = {isa = PBXBuildFile; fileRef = 8E664BEA1FBFED9C000B44CC /* DetailViewController.swift */; };
		8E664BEE1FBFED9C000B44CC /* Main.storyboard in Resources */ = {isa = PBXBuildFile; fileRef = 8E664BEC1FBFED9C000B44CC /* Main.storyboard */; };
		8E664BF01FBFED9C000B44CC /* Assets.xcassets in Resources */ = {isa = PBXBuildFile; fileRef = 8E664BEF1FBFED9C000B44CC /* Assets.xcassets */; };
		8E664BF31FBFED9C000B44CC /* LaunchScreen.storyboard in Resources */ = {isa = PBXBuildFile; fileRef = 8E664BF11FBFED9C000B44CC /* LaunchScreen.storyboard */; };
/* End PBXBuildFile section */

/* Begin PBXFileReference section */
		8E664BE31FBFED9B000B44CC /* LibsTest.app */ = {isa = PBXFileReference; explicitFileType = wrapper.application; includeInIndex = 0; path = LibsTest.app; sourceTree = BUILT_PRODUCTS_DIR; };
		8E664BE61FBFED9B000B44CC /* AppDelegate.swift */ = {isa = PBXFileReference; lastKnownFileType = sourcecode.swift; path = AppDelegate.swift; sourceTree = "<group>"; };
		8E664BE81FBFED9B000B44CC /* MasterViewController.swift */ = {isa = PBXFileReference; lastKnownFileType = sourcecode.swift; path = MasterViewController.swift; sourceTree = "<group>"; };
		8E664BEA1FBFED9C000B44CC /* DetailViewController.swift */ = {isa = PBXFileReference; lastKnownFileType = sourcecode.swift; path = DetailViewController.swift; sourceTree = "<group>"; };
		8E664BED1FBFED9C000B44CC /* Base */ = {isa = PBXFileReference; lastKnownFileType = file.storyboard; name = Base; path = Base.lproj/Main.storyboard; sourceTree = "<group>"; };
		8E664BEF1FBFED9C000B44CC /* Assets.xcassets */ = {isa = PBXFileReference; lastKnownFileType = folder.assetcatalog; path = Assets.xcassets; sourceTree = "<group>"; };
		8E664BF21FBFED9C000B44CC /* Base */ = {isa = PBXFileReference; lastKnownFileType = file.storyboard; name = Base; path = Base.lproj/LaunchScreen.storyboard; sourceTree = "<group>"; };
		8E664BF41FBFED9C000B44CC /* Info.plist */ = {isa = PBXFileReference; lastKnownFileType = text.plist.xml; path = Info.plist; sourceTree = "<group>"; };
/* End PBXFileReference section */

/* Begin PBXFrameworksBuildPhase section */
		8E664BE01FBFED9B000B44CC /* Frameworks */ = {
			isa = PBXFrameworksBuildPhase;
			buildActionMask = 2147483647;
			files = (
			);
			runOnlyForDeploymentPostprocessing = 0;
		};
/* End PBXFrameworksBuildPhase section */

/* Begin PBXGroup section */
		8E664BDA1FBFED9B000B44CC = {
			isa = PBXGroup;
			children = (
				8E664BE51FBFED9B000B44CC /* LibsTest */,
				8E664BE41FBFED9B000B44CC /* Products */,
			);
			sourceTree = "<group>";
		};
		8E664BE41FBFED9B000B44CC /* Products */ = {
			isa = PBXGroup;
			children = (
				8E664BE31FBFED9B000B44CC /* LibsTest.app */,
			);
			name = Products;
			sourceTree = "<group>";
		};
		8E664BE51FBFED9B000B44CC /* LibsTest */ = {
			isa = PBXGroup;
			children = (
				8E664BE61FBFED9B000B44CC /* AppDelegate.swift */,
				8E664BE81FBFED9B000B44CC /* MasterViewController.swift */,
				8E664BEA1FBFED9C000B44CC /* DetailViewController.swift */,
				8E664BEC1FBFED9C000B44CC /* Main.storyboard */,
				8E664BEF1FBFED9C000B44CC /* Assets.xcassets */,
				8E664BF11FBFED9C000B44CC /* LaunchScreen.storyboard */,
				8E664BF41FBFED9C000B44CC /* Info.plist */,
			);
			path = LibsTest;
			sourceTree = "<group>";
		};
/* End PBXGroup section */

/* Begin PBXNativeTarget section */
		8E664BE21FBFED9B000B44CC /* LibsTest */ = {
			isa = PBXNativeTarget;
			buildConfigurationList = 8E664BF71FBFED9C000B44CC /* Build configuration list for PBXNativeTarget "LibsTest" */;
			buildPhases = (
				8E664BDF1FBFED9B000B44CC /* Sources */,
				8E664BE01FBFED9B000B44CC /* Frameworks */,
				8E664BE11FBFED9B000B44CC /* Resources */,
			);
			buildRules = (
			);
			dependencies = (
			);
			name = LibsTest;
			productName = LibsTest;
			productReference = 8E664BE31FBFED9B000B44CC /* LibsTest.app */;
			productType = "com.apple.product-type.application";
		};
/* End PBXNativeTarget section */

/* Begin PBXProject section */
		8E664BDB1FBFED9B000B44CC /* Project object */ = {
			isa = PBXProject;
			attributes = {
				LastSwiftUpdateCheck = 0900;
				LastUpgradeCheck = 0900;
				ORGANIZATIONNAME = "Nagisa Inc.";
				TargetAttributes = {
					8E664BE21FBFED9B000B44CC = {
						CreatedOnToolsVersion = 9.0;
						ProvisioningStyle = Automatic;
					};
				};
			};
			buildConfigurationList = 8E664BDE1FBFED9B000B44CC /* Build configuration list for PBXProject "LibsTest" */;
			compatibilityVersion = "Xcode 8.0";
			developmentRegion = en;
			hasScannedForEncodings = 0;
			knownRegions = (
				en,
				Base,
			);
			mainGroup = 8E664BDA1FBFED9B000B44CC;
			productRefGroup = 8E664BE41FBFED9B000B44CC /* Products */;
			projectDirPath = "";
			projectRoot = "";
			targets = (
				8E664BE21FBFED9B000B44CC /* LibsTest */,
			);
		};
/* End PBXProject section */

/* Begin PBXResourcesBuildPhase section */
		8E664BE11FBFED9B000B44CC /* Resources */ = {
			isa = PBXResourcesBuildPhase;
			buildActionMask = 2147483647;
			files = (
				8E664BF31FBFED9C000B44CC /* LaunchScreen.storyboard in Resources */,
				8E664BF01FBFED9C000B44CC /* Assets.xcassets in Resources */,
				8E664BEE1FBFED9C000B44CC /* Main.storyboard in Resources */,
			);
			runOnlyForDeploymentPostprocessing = 0;
		};
/* End PBXResourcesBuildPhase section */

/* Begin PBXSourcesBuildPhase section */
		8E664BDF1FBFED9B000B44CC /* Sources */ = {
			isa = PBXSourcesBuildPhase;
			buildActionMask = 2147483647;
			files = (
				8E664BEB1FBFED9C000B44CC /* DetailViewController.swift in Sources */,
				8E664BE91FBFED9B000B44CC /* MasterViewController.swift in Sources */,
				8E664BE71FBFED9B000B44CC /* AppDelegate.swift in Sources */,
			);
			runOnlyForDeploymentPostprocessing = 0;
		};
/* End PBXSourcesBuildPhase section */

/* Begin PBXVariantGroup section */
		8E664BEC1FBFED9C000B44CC /* Main.storyboard */ = {
			isa = PBXVariantGroup;
			children = (
				8E664BED1FBFED9C000B44CC /* Base */,
			);
			name = Main.storyboard;
			sourceTree = "<group>";
		};
		8E664BF11FBFED9C000B44CC /* LaunchScreen.storyboard */ = {
			isa = PBXVariantGroup;
			children = (
				8E664BF21FBFED9C000B44CC /* Base */,
			);
			name = LaunchScreen.storyboard;
			sourceTree = "<group>";
		};
/* End PBXVariantGroup section */

/* Begin XCBuildConfiguration section */
		8E664BF51FBFED9C000B44CC /* Debug */ = {
			isa = XCBuildConfiguration;
			buildSettings = {
				ALWAYS_SEARCH_USER_PATHS = NO;
				CLANG_ANALYZER_NONNULL = YES;
				CLANG_ANALYZER_NUMBER_OBJECT_CONVERSION = YES_AGGRESSIVE;
				CLANG_CXX_LANGUAGE_STANDARD = "gnu++14";
				CLANG_CXX_LIBRARY = "libc++";
				CLANG_ENABLE_MODULES = YES;
				CLANG_ENABLE_OBJC_ARC = YES;
				CLANG_WARN_BLOCK_CAPTURE_AUTORELEASING = YES;
				CLANG_WARN_BOOL_CONVERSION = YES;
				CLANG_WARN_COMMA = YES;
				CLANG_WARN_CONSTANT_CONVERSION = YES;
				CLANG_WARN_DIRECT_OBJC_ISA_USAGE = YES_ERROR;
				CLANG_WARN_DOCUMENTATION_COMMENTS = YES;
				CLANG_WARN_EMPTY_BODY = YES;
				CLANG_WARN_ENUM_CONVERSION = YES;
				CLANG_WARN_INFINITE_RECURSION = YES;
				CLANG_WARN_INT_CONVERSION = YES;
				CLANG_WARN_NON_LITERAL_NULL_CONVERSION = YES;
				CLANG_WARN_OBJC_LITERAL_CONVERSION = YES;
				CLANG_WARN_OBJC_ROOT_CLASS = YES_ERROR;
				CLANG_WARN_RANGE_LOOP_ANALYSIS = YES;
				CLANG_WARN_STRICT_PROTOTYPES = YES;
				CLANG_WARN_SUSPICIOUS_MOVE = YES;
				CLANG_WARN_UNGUARDED_AVAILABILITY = YES_AGGRESSIVE;
				CLANG_WARN_UNREACHABLE_CODE = YES;
				CLANG_WARN__DUPLICATE_METHOD_MATCH = YES;
				CODE_SIGN_IDENTITY = "iPhone Developer";
				COPY_PHASE_STRIP = NO;
				DEBUG_INFORMATION_FORMAT = dwarf;
				ENABLE_STRICT_OBJC_MSGSEND = YES;
				ENABLE_TESTABILITY = YES;
				GCC_C_LANGUAGE_STANDARD = gnu11;
				GCC_DYNAMIC_NO_PIC = NO;
				GCC_NO_COMMON_BLOCKS = YES;
				GCC_OPTIMIZATION_LEVEL = 0;
				GCC_PREPROCESSOR_DEFINITIONS = (
					"DEBUG=1",
					"$(inherited)",
				);
				GCC_WARN_64_TO_32_BIT_CONVERSION = YES;
				GCC_WARN_ABOUT_RETURN_TYPE = YES_ERROR;
				GCC_WARN_UNDECLARED_SELECTOR = YES;
				GCC_WARN_UNINITIALIZED_AUTOS = YES_AGGRESSIVE;
				GCC_WARN_UNUSED_FUNCTION = YES;
				GCC_WARN_UNUSED_VARIABLE = YES;
				IPHONEOS_DEPLOYMENT_TARGET = 11.0;
				MTL_ENABLE_DEBUG_INFO = YES;
				ONLY_ACTIVE_ARCH = YES;
				SDKROOT = iphoneos;
				SWIFT_ACTIVE_COMPILATION_CONDITIONS = DEBUG;
				SWIFT_OPTIMIZATION_LEVEL = "-Onone";
			};
			name = Debug;
		};
		8E664BF61FBFED9C000B44CC /* Release */ = {
			isa = XCBuildConfiguration;
			buildSettings = {
				ALWAYS_SEARCH_USER_PATHS = NO;
				CLANG_ANALYZER_NONNULL = YES;
				CLANG_ANALYZER_NUMBER_OBJECT_CONVERSION = YES_AGGRESSIVE;
				CLANG_CXX_LANGUAGE_STANDARD = "gnu++14";
				CLANG_CXX_LIBRARY = "libc++";
				CLANG_ENABLE_MODULES = YES;
				CLANG_ENABLE_OBJC_ARC = YES;
				CLANG_WARN_BLOCK_CAPTURE_AUTORELEASING = YES;
				CLANG_WARN_BOOL_CONVERSION = YES;
				CLANG_WARN_COMMA = YES;
				CLANG_WARN_CONSTANT_CONVERSION = YES;
				CLANG_WARN_DIRECT_OBJC_ISA_USAGE = YES_ERROR;
				CLANG_WARN_DOCUMENTATION_COMMENTS = YES;
				CLANG_WARN_EMPTY_BODY = YES;
				CLANG_WARN_ENUM_CONVERSION = YES;
				CLANG_WARN_INFINITE_RECURSION = YES;
				CLANG_WARN_INT_CONVERSION = YES;
				CLANG_WARN_NON_LITERAL_NULL_CONVERSION = YES;
				CLANG_WARN_OBJC_LITERAL_CONVERSION = YES;
				CLANG_WARN_OBJC_ROOT_CLASS = YES_ERROR;
				CLANG_WARN_RANGE_LOOP_ANALYSIS = YES;
				CLANG_WARN_STRICT_PROTOTYPES = YES;
				CLANG_WARN_SUSPICIOUS_MOVE = YES;
				CLANG_WARN_UNGUARDED_AVAILABILITY = YES_AGGRESSIVE;
				CLANG_WARN_UNREACHABLE_CODE = YES;
				CLANG_WARN__DUPLICATE_METHOD_MATCH = YES;
				CODE_SIGN_IDENTITY = "iPhone Developer";
				COPY_PHASE_STRIP = NO;
				DEBUG_INFORMATION_FORMAT = "dwarf-with-dsym";
				ENABLE_NS_ASSERTIONS = NO;
				ENABLE_STRICT_OBJC_MSGSEND = YES;
				GCC_C_LANGUAGE_STANDARD = gnu11;
				GCC_NO_COMMON_BLOCKS = YES;
				GCC_WARN_64_TO_32_BIT_CONVERSION = YES;
				GCC_WARN_ABOUT_RETURN_TYPE = YES_ERROR;
				GCC_WARN_UNDECLARED_SELECTOR = YES;
				GCC_WARN_UNINITIALIZED_AUTOS = YES_AGGRESSIVE;
				GCC_WARN_UNUSED_FUNCTION = YES;
				GCC_WARN_UNUSED_VARIABLE = YES;
				IPHONEOS_DEPLOYMENT_TARGET = 11.0;
				MTL_ENABLE_DEBUG_INFO = NO;
				SDKROOT = iphoneos;
				SWIFT_OPTIMIZATION_LEVEL = "-Owholemodule";
				VALIDATE_PRODUCT = YES;
			};
			name = Release;
		};
		8E664BF81FBFED9C000B44CC /* Debug */ = {
			isa = XCBuildConfiguration;
			buildSettings = {
				ASSETCATALOG_COMPILER_APPICON_NAME = AppIcon;
				CODE_SIGN_STYLE = Automatic;
				INFOPLIST_FILE = LibsTest/Info.plist;
				LD_RUNPATH_SEARCH_PATHS = "$(inherited) @executable_path/Frameworks";
				PRODUCT_BUNDLE_IDENTIFIER = "jp.nagisa-inc.LibsTest";
				PRODUCT_NAME = "$(TARGET_NAME)";
				SWIFT_VERSION = 4.0;
				TARGETED_DEVICE_FAMILY = "1,2";
			};
			name = Debug;
		};
		8E664BF91FBFED9C000B44CC /* Release */ = {
			isa = XCBuildConfiguration;
			buildSettings = {
				ASSETCATALOG_COMPILER_APPICON_NAME = AppIcon;
				CODE_SIGN_STYLE = Automatic;
				INFOPLIST_FILE = LibsTest/Info.plist;
				LD_RUNPATH_SEARCH_PATHS = "$(inherited) @executable_path/Frameworks";
				PRODUCT_BUNDLE_IDENTIFIER = "jp.nagisa-inc.LibsTest";
				PRODUCT_NAME = "$(TARGET_NAME)";
				SWIFT_VERSION = 4.0;
				TARGETED_DEVICE_FAMILY = "1,2";
			};
			name = Release;
		};
/* End XCBuildConfiguration section */

/* Begin XCConfigurationList section */
		8E664BDE1FBFED9B000B44CC /* Build configuration list for PBXProject "LibsTest" */ = {
			isa = XCConfigurationList;
			buildConfigurations = (
				8E664BF51FBFED9C000B44CC /* Debug */,
				8E664BF61FBFED9C000B44CC /* Release */,
			);
			defaultConfigurationIsVisible = 0;
			defaultConfigurationName = Release;
		};
		8E664BF71FBFED9C000B44CC /* Build configuration list for PBXNativeTarget "LibsTest" */ = {
			isa = XCConfigurationList;
			buildConfigurations = (
				8E664BF81FBFED9C000B44CC /* Debug */,
				8E664BF91FBFED9C000B44CC /* Release */,
			);
			defaultConfigurationIsVisible = 0;
			defaultConfigurationName = Release;
		};
/* End XCConfigurationList section */
	};
	rootObject = 8E664BDB1FBFED9B000B44CC /* Project object */;
}
